// !$*UTF8*$!
{
	archiveVersion = 1;
	classes = {
	};
	objectVersion = 55;
	objects = {

/* Begin PBXBuildFile section */
		BC3BD1FE28454CCB0053B7FF /* NewTaskItemView.swift in Sources */ = {isa = PBXBuildFile; fileRef = BC3BD1FD28454CCB0053B7FF /* NewTaskItemView.swift */; };
		BC3BD200284553270053B7FF /* BlankView.swift in Sources */ = {isa = PBXBuildFile; fileRef = BC3BD1FF284553270053B7FF /* BlankView.swift */; };
		BC3BD20228455E980053B7FF /* ListRowItemView.swift in Sources */ = {isa = PBXBuildFile; fileRef = BC3BD20128455E980053B7FF /* ListRowItemView.swift */; };
		BC3BD204284561C80053B7FF /* CheckBoxStyle.swift in Sources */ = {isa = PBXBuildFile; fileRef = BC3BD203284561C80053B7FF /* CheckBoxStyle.swift */; };
		BC3BD206284570270053B7FF /* SoundPlayer.swift in Sources */ = {isa = PBXBuildFile; fileRef = BC3BD205284570260053B7FF /* SoundPlayer.swift */; };
		BC3BD20E284575D30053B7FF /* WidgetKit.framework in Frameworks */ = {isa = PBXBuildFile; fileRef = BC3BD20D284575D30053B7FF /* WidgetKit.framework */; };
		BC3BD210284575D30053B7FF /* SwiftUI.framework in Frameworks */ = {isa = PBXBuildFile; fileRef = BC3BD20F284575D30053B7FF /* SwiftUI.framework */; };
		BC3BD213284575D30053B7FF /* DevoteWidget.swift in Sources */ = {isa = PBXBuildFile; fileRef = BC3BD212284575D30053B7FF /* DevoteWidget.swift */; };
		BC3BD215284575D50053B7FF /* Assets.xcassets in Resources */ = {isa = PBXBuildFile; fileRef = BC3BD214284575D50053B7FF /* Assets.xcassets */; };
		BC3BD219284575D50053B7FF /* DevoteWidgetExtension.appex in Embed App Extensions */ = {isa = PBXBuildFile; fileRef = BC3BD20B284575D30053B7FF /* DevoteWidgetExtension.appex */; settings = {ATTRIBUTES = (RemoveHeadersOnCopy, ); }; };
		BC3BD21E2845830B0053B7FF /* Assets.xcassets in Resources */ = {isa = PBXBuildFile; fileRef = BCB6C7152843FAC600139A01 /* Assets.xcassets */; };
		BC3BD21F284583890053B7FF /* Constant.swift in Sources */ = {isa = PBXBuildFile; fileRef = BCB6C7352844054E00139A01 /* Constant.swift */; };
		BCB6C7122843FAC500139A01 /* DevoteApp.swift in Sources */ = {isa = PBXBuildFile; fileRef = BCB6C7112843FAC500139A01 /* DevoteApp.swift */; };
		BCB6C7142843FAC500139A01 /* ContentView.swift in Sources */ = {isa = PBXBuildFile; fileRef = BCB6C7132843FAC500139A01 /* ContentView.swift */; };
		BCB6C7162843FAC600139A01 /* Assets.xcassets in Resources */ = {isa = PBXBuildFile; fileRef = BCB6C7152843FAC600139A01 /* Assets.xcassets */; };
		BCB6C7192843FAC600139A01 /* Preview Assets.xcassets in Resources */ = {isa = PBXBuildFile; fileRef = BCB6C7182843FAC600139A01 /* Preview Assets.xcassets */; };
		BCB6C71B2843FAC600139A01 /* Persistence.swift in Sources */ = {isa = PBXBuildFile; fileRef = BCB6C71A2843FAC600139A01 /* Persistence.swift */; };
		BCB6C71E2843FAC600139A01 /* Devote.xcdatamodeld in Sources */ = {isa = PBXBuildFile; fileRef = BCB6C71C2843FAC600139A01 /* Devote.xcdatamodeld */; };
		BCB6C7272843FB1500139A01 /* sound-rise.mp3 in Resources */ = {isa = PBXBuildFile; fileRef = BCB6C7242843FB1500139A01 /* sound-rise.mp3 */; };
		BCB6C7282843FB1500139A01 /* sound-tap.mp3 in Resources */ = {isa = PBXBuildFile; fileRef = BCB6C7252843FB1500139A01 /* sound-tap.mp3 */; };
		BCB6C7292843FB1500139A01 /* sound-ding.mp3 in Resources */ = {isa = PBXBuildFile; fileRef = BCB6C7262843FB1500139A01 /* sound-ding.mp3 */; };
		BCB6C7362844054E00139A01 /* Constant.swift in Sources */ = {isa = PBXBuildFile; fileRef = BCB6C7352844054E00139A01 /* Constant.swift */; };
		BCB6C7382844170900139A01 /* HideKeyboardExtension.swift in Sources */ = {isa = PBXBuildFile; fileRef = BCB6C7372844170900139A01 /* HideKeyboardExtension.swift */; };
		BCB6C73A28441B5300139A01 /* BackgroundImageView.swift in Sources */ = {isa = PBXBuildFile; fileRef = BCB6C73928441B5300139A01 /* BackgroundImageView.swift */; };
/* End PBXBuildFile section */

/* Begin PBXContainerItemProxy section */
		BC3BD217284575D50053B7FF /* PBXContainerItemProxy */ = {
			isa = PBXContainerItemProxy;
			containerPortal = BCB6C7062843FAC500139A01 /* Project object */;
			proxyType = 1;
			remoteGlobalIDString = BC3BD20A284575D30053B7FF;
			remoteInfo = DevoteWidgetExtension;
		};
/* End PBXContainerItemProxy section */

/* Begin PBXCopyFilesBuildPhase section */
		BC3BD21D284575D50053B7FF /* Embed App Extensions */ = {
			isa = PBXCopyFilesBuildPhase;
			buildActionMask = 2147483647;
			dstPath = "";
			dstSubfolderSpec = 13;
			files = (
				BC3BD219284575D50053B7FF /* DevoteWidgetExtension.appex in Embed App Extensions */,
			);
			name = "Embed App Extensions";
			runOnlyForDeploymentPostprocessing = 0;
		};
/* End PBXCopyFilesBuildPhase section */

/* Begin PBXFileReference section */
		BC3BD1FD28454CCB0053B7FF /* NewTaskItemView.swift */ = {isa = PBXFileReference; lastKnownFileType = sourcecode.swift; path = NewTaskItemView.swift; sourceTree = "<group>"; };
		BC3BD1FF284553270053B7FF /* BlankView.swift */ = {isa = PBXFileReference; lastKnownFileType = sourcecode.swift; path = BlankView.swift; sourceTree = "<group>"; };
		BC3BD20128455E980053B7FF /* ListRowItemView.swift */ = {isa = PBXFileReference; lastKnownFileType = sourcecode.swift; path = ListRowItemView.swift; sourceTree = "<group>"; };
		BC3BD203284561C80053B7FF /* CheckBoxStyle.swift */ = {isa = PBXFileReference; lastKnownFileType = sourcecode.swift; path = CheckBoxStyle.swift; sourceTree = "<group>"; };
		BC3BD205284570260053B7FF /* SoundPlayer.swift */ = {isa = PBXFileReference; lastKnownFileType = sourcecode.swift; path = SoundPlayer.swift; sourceTree = "<group>"; };
		BC3BD20B284575D30053B7FF /* DevoteWidgetExtension.appex */ = {isa = PBXFileReference; explicitFileType = "wrapper.app-extension"; includeInIndex = 0; path = DevoteWidgetExtension.appex; sourceTree = BUILT_PRODUCTS_DIR; };
		BC3BD20D284575D30053B7FF /* WidgetKit.framework */ = {isa = PBXFileReference; lastKnownFileType = wrapper.framework; name = WidgetKit.framework; path = System/Library/Frameworks/WidgetKit.framework; sourceTree = SDKROOT; };
		BC3BD20F284575D30053B7FF /* SwiftUI.framework */ = {isa = PBXFileReference; lastKnownFileType = wrapper.framework; name = SwiftUI.framework; path = System/Library/Frameworks/SwiftUI.framework; sourceTree = SDKROOT; };
		BC3BD212284575D30053B7FF /* DevoteWidget.swift */ = {isa = PBXFileReference; lastKnownFileType = sourcecode.swift; path = DevoteWidget.swift; sourceTree = "<group>"; };
		BC3BD214284575D50053B7FF /* Assets.xcassets */ = {isa = PBXFileReference; lastKnownFileType = folder.assetcatalog; path = Assets.xcassets; sourceTree = "<group>"; };
		BC3BD216284575D50053B7FF /* Info.plist */ = {isa = PBXFileReference; lastKnownFileType = text.plist.xml; path = Info.plist; sourceTree = "<group>"; };
		BCB6C70E2843FAC500139A01 /* Devote.app */ = {isa = PBXFileReference; explicitFileType = wrapper.application; includeInIndex = 0; path = Devote.app; sourceTree = BUILT_PRODUCTS_DIR; };
		BCB6C7112843FAC500139A01 /* DevoteApp.swift */ = {isa = PBXFileReference; lastKnownFileType = sourcecode.swift; path = DevoteApp.swift; sourceTree = "<group>"; };
		BCB6C7132843FAC500139A01 /* ContentView.swift */ = {isa = PBXFileReference; lastKnownFileType = sourcecode.swift; path = ContentView.swift; sourceTree = "<group>"; };
		BCB6C7152843FAC600139A01 /* Assets.xcassets */ = {isa = PBXFileReference; lastKnownFileType = folder.assetcatalog; path = Assets.xcassets; sourceTree = "<group>"; };
		BCB6C7182843FAC600139A01 /* Preview Assets.xcassets */ = {isa = PBXFileReference; lastKnownFileType = folder.assetcatalog; path = "Preview Assets.xcassets"; sourceTree = "<group>"; };
		BCB6C71A2843FAC600139A01 /* Persistence.swift */ = {isa = PBXFileReference; lastKnownFileType = sourcecode.swift; path = Persistence.swift; sourceTree = "<group>"; };
		BCB6C71D2843FAC600139A01 /* Devote.xcdatamodel */ = {isa = PBXFileReference; lastKnownFileType = wrapper.xcdatamodel; path = Devote.xcdatamodel; sourceTree = "<group>"; };
		BCB6C7242843FB1500139A01 /* sound-rise.mp3 */ = {isa = PBXFileReference; lastKnownFileType = audio.mp3; path = "sound-rise.mp3"; sourceTree = "<group>"; };
		BCB6C7252843FB1500139A01 /* sound-tap.mp3 */ = {isa = PBXFileReference; lastKnownFileType = audio.mp3; path = "sound-tap.mp3"; sourceTree = "<group>"; };
		BCB6C7262843FB1500139A01 /* sound-ding.mp3 */ = {isa = PBXFileReference; lastKnownFileType = audio.mp3; path = "sound-ding.mp3"; sourceTree = "<group>"; };
		BCB6C7302843FBBC00139A01 /* Info.plist */ = {isa = PBXFileReference; lastKnownFileType = text.plist; path = Info.plist; sourceTree = "<group>"; };
		BCB6C7352844054E00139A01 /* Constant.swift */ = {isa = PBXFileReference; lastKnownFileType = sourcecode.swift; path = Constant.swift; sourceTree = "<group>"; };
		BCB6C7372844170900139A01 /* HideKeyboardExtension.swift */ = {isa = PBXFileReference; lastKnownFileType = sourcecode.swift; path = HideKeyboardExtension.swift; sourceTree = "<group>"; };
		BCB6C73928441B5300139A01 /* BackgroundImageView.swift */ = {isa = PBXFileReference; lastKnownFileType = sourcecode.swift; path = BackgroundImageView.swift; sourceTree = "<group>"; };
/* End PBXFileReference section */

/* Begin PBXFrameworksBuildPhase section */
		BC3BD208284575D30053B7FF /* Frameworks */ = {
			isa = PBXFrameworksBuildPhase;
			buildActionMask = 2147483647;
			files = (
				BC3BD210284575D30053B7FF /* SwiftUI.framework in Frameworks */,
				BC3BD20E284575D30053B7FF /* WidgetKit.framework in Frameworks */,
			);
			runOnlyForDeploymentPostprocessing = 0;
		};
		BCB6C70B2843FAC500139A01 /* Frameworks */ = {
			isa = PBXFrameworksBuildPhase;
			buildActionMask = 2147483647;
			files = (
			);
			runOnlyForDeploymentPostprocessing = 0;
		};
/* End PBXFrameworksBuildPhase section */

/* Begin PBXGroup section */
		BC3BD20C284575D30053B7FF /* Frameworks */ = {
			isa = PBXGroup;
			children = (
				BC3BD20D284575D30053B7FF /* WidgetKit.framework */,
				BC3BD20F284575D30053B7FF /* SwiftUI.framework */,
			);
			name = Frameworks;
			sourceTree = "<group>";
		};
		BC3BD211284575D30053B7FF /* DevoteWidget */ = {
			isa = PBXGroup;
			children = (
				BC3BD212284575D30053B7FF /* DevoteWidget.swift */,
				BC3BD214284575D50053B7FF /* Assets.xcassets */,
				BC3BD216284575D50053B7FF /* Info.plist */,
			);
			path = DevoteWidget;
			sourceTree = "<group>";
		};
		BCB6C7052843FAC500139A01 = {
			isa = PBXGroup;
			children = (
				BCB6C7102843FAC500139A01 /* Devote */,
				BC3BD211284575D30053B7FF /* DevoteWidget */,
				BC3BD20C284575D30053B7FF /* Frameworks */,
				BCB6C70F2843FAC500139A01 /* Products */,
			);
			sourceTree = "<group>";
		};
		BCB6C70F2843FAC500139A01 /* Products */ = {
			isa = PBXGroup;
			children = (
				BCB6C70E2843FAC500139A01 /* Devote.app */,
				BC3BD20B284575D30053B7FF /* DevoteWidgetExtension.appex */,
			);
			name = Products;
			sourceTree = "<group>";
		};
		BCB6C7102843FAC500139A01 /* Devote */ = {
			isa = PBXGroup;
			children = (
				BCB6C7112843FAC500139A01 /* DevoteApp.swift */,
				BCB6C72E2843FB4500139A01 /* View */,
				BCB6C72D2843FB3F00139A01 /* Extension */,
				BCB6C72C2843FB3B00139A01 /* Style */,
				BCB6C72B2843FB2C00139A01 /* Utility */,
				BCB6C72A2843FB2400139A01 /* Sound */,
				BCB6C72F2843FB4900139A01 /* Model */,
				BCB6C7152843FAC600139A01 /* Assets.xcassets */,
				BCB6C7302843FBBC00139A01 /* Info.plist */,
				BCB6C7172843FAC600139A01 /* Preview Content */,
			);
			path = Devote;
			sourceTree = "<group>";
		};
		BCB6C7172843FAC600139A01 /* Preview Content */ = {
			isa = PBXGroup;
			children = (
				BCB6C7182843FAC600139A01 /* Preview Assets.xcassets */,
			);
			path = "Preview Content";
			sourceTree = "<group>";
		};
		BCB6C72A2843FB2400139A01 /* Sound */ = {
			isa = PBXGroup;
			children = (
				BCB6C7262843FB1500139A01 /* sound-ding.mp3 */,
				BCB6C7242843FB1500139A01 /* sound-rise.mp3 */,
				BCB6C7252843FB1500139A01 /* sound-tap.mp3 */,
			);
			path = Sound;
			sourceTree = "<group>";
		};
		BCB6C72B2843FB2C00139A01 /* Utility */ = {
			isa = PBXGroup;
			children = (
				BCB6C7352844054E00139A01 /* Constant.swift */,
				BC3BD205284570260053B7FF /* SoundPlayer.swift */,
			);
			path = Utility;
			sourceTree = "<group>";
		};
		BCB6C72C2843FB3B00139A01 /* Style */ = {
			isa = PBXGroup;
			children = (
				BC3BD203284561C80053B7FF /* CheckBoxStyle.swift */,
			);
			path = Style;
			sourceTree = "<group>";
		};
		BCB6C72D2843FB3F00139A01 /* Extension */ = {
			isa = PBXGroup;
			children = (
				BCB6C7372844170900139A01 /* HideKeyboardExtension.swift */,
			);
			path = Extension;
			sourceTree = "<group>";
		};
		BCB6C72E2843FB4500139A01 /* View */ = {
			isa = PBXGroup;
			children = (
				BCB6C7132843FAC500139A01 /* ContentView.swift */,
				BCB6C73928441B5300139A01 /* BackgroundImageView.swift */,
				BC3BD1FD28454CCB0053B7FF /* NewTaskItemView.swift */,
				BC3BD1FF284553270053B7FF /* BlankView.swift */,
				BC3BD20128455E980053B7FF /* ListRowItemView.swift */,
			);
			path = View;
			sourceTree = "<group>";
		};
		BCB6C72F2843FB4900139A01 /* Model */ = {
			isa = PBXGroup;
			children = (
				BCB6C71A2843FAC600139A01 /* Persistence.swift */,
				BCB6C71C2843FAC600139A01 /* Devote.xcdatamodeld */,
			);
			path = Model;
			sourceTree = "<group>";
		};
/* End PBXGroup section */

/* Begin PBXNativeTarget section */
		BC3BD20A284575D30053B7FF /* DevoteWidgetExtension */ = {
			isa = PBXNativeTarget;
			buildConfigurationList = BC3BD21A284575D50053B7FF /* Build configuration list for PBXNativeTarget "DevoteWidgetExtension" */;
			buildPhases = (
				BC3BD207284575D30053B7FF /* Sources */,
				BC3BD208284575D30053B7FF /* Frameworks */,
				BC3BD209284575D30053B7FF /* Resources */,
			);
			buildRules = (
			);
			dependencies = (
			);
			name = DevoteWidgetExtension;
			productName = DevoteWidgetExtension;
			productReference = BC3BD20B284575D30053B7FF /* DevoteWidgetExtension.appex */;
			productType = "com.apple.product-type.app-extension";
		};
		BCB6C70D2843FAC500139A01 /* Devote */ = {
			isa = PBXNativeTarget;
			buildConfigurationList = BCB6C7212843FAC600139A01 /* Build configuration list for PBXNativeTarget "Devote" */;
			buildPhases = (
				BCB6C70A2843FAC500139A01 /* Sources */,
				BCB6C70B2843FAC500139A01 /* Frameworks */,
				BCB6C70C2843FAC500139A01 /* Resources */,
				BC3BD21D284575D50053B7FF /* Embed App Extensions */,
			);
			buildRules = (
			);
			dependencies = (
				BC3BD218284575D50053B7FF /* PBXTargetDependency */,
			);
			name = Devote;
			productName = Devote;
			productReference = BCB6C70E2843FAC500139A01 /* Devote.app */;
			productType = "com.apple.product-type.application";
		};
/* End PBXNativeTarget section */

/* Begin PBXProject section */
		BCB6C7062843FAC500139A01 /* Project object */ = {
			isa = PBXProject;
			attributes = {
				BuildIndependentTargetsInParallel = 1;
				LastSwiftUpdateCheck = 1340;
				LastUpgradeCheck = 1340;
				TargetAttributes = {
					BC3BD20A284575D30053B7FF = {
						CreatedOnToolsVersion = 13.4;
					};
					BCB6C70D2843FAC500139A01 = {
						CreatedOnToolsVersion = 13.4;
					};
				};
			};
			buildConfigurationList = BCB6C7092843FAC500139A01 /* Build configuration list for PBXProject "Devote" */;
			compatibilityVersion = "Xcode 13.0";
			developmentRegion = en;
			hasScannedForEncodings = 0;
			knownRegions = (
				en,
				Base,
			);
			mainGroup = BCB6C7052843FAC500139A01;
			productRefGroup = BCB6C70F2843FAC500139A01 /* Products */;
			projectDirPath = "";
			projectRoot = "";
			targets = (
				BCB6C70D2843FAC500139A01 /* Devote */,
				BC3BD20A284575D30053B7FF /* DevoteWidgetExtension */,
			);
		};
/* End PBXProject section */

/* Begin PBXResourcesBuildPhase section */
		BC3BD209284575D30053B7FF /* Resources */ = {
			isa = PBXResourcesBuildPhase;
			buildActionMask = 2147483647;
			files = (
				BC3BD21E2845830B0053B7FF /* Assets.xcassets in Resources */,
				BC3BD215284575D50053B7FF /* Assets.xcassets in Resources */,
			);
			runOnlyForDeploymentPostprocessing = 0;
		};
		BCB6C70C2843FAC500139A01 /* Resources */ = {
			isa = PBXResourcesBuildPhase;
			buildActionMask = 2147483647;
			files = (
				BCB6C7292843FB1500139A01 /* sound-ding.mp3 in Resources */,
				BCB6C7272843FB1500139A01 /* sound-rise.mp3 in Resources */,
				BCB6C7192843FAC600139A01 /* Preview Assets.xcassets in Resources */,
				BCB6C7282843FB1500139A01 /* sound-tap.mp3 in Resources */,
				BCB6C7162843FAC600139A01 /* Assets.xcassets in Resources */,
			);
			runOnlyForDeploymentPostprocessing = 0;
		};
/* End PBXResourcesBuildPhase section */

/* Begin PBXSourcesBuildPhase section */
		BC3BD207284575D30053B7FF /* Sources */ = {
			isa = PBXSourcesBuildPhase;
			buildActionMask = 2147483647;
			files = (
				BC3BD213284575D30053B7FF /* DevoteWidget.swift in Sources */,
				BC3BD21F284583890053B7FF /* Constant.swift in Sources */,
			);
			runOnlyForDeploymentPostprocessing = 0;
		};
		BCB6C70A2843FAC500139A01 /* Sources */ = {
			isa = PBXSourcesBuildPhase;
			buildActionMask = 2147483647;
			files = (
				BCB6C71B2843FAC600139A01 /* Persistence.swift in Sources */,
				BCB6C73A28441B5300139A01 /* BackgroundImageView.swift in Sources */,
				BCB6C7142843FAC500139A01 /* ContentView.swift in Sources */,
				BCB6C7382844170900139A01 /* HideKeyboardExtension.swift in Sources */,
				BC3BD200284553270053B7FF /* BlankView.swift in Sources */,
				BCB6C7362844054E00139A01 /* Constant.swift in Sources */,
				BC3BD20228455E980053B7FF /* ListRowItemView.swift in Sources */,
				BCB6C71E2843FAC600139A01 /* Devote.xcdatamodeld in Sources */,
				BC3BD204284561C80053B7FF /* CheckBoxStyle.swift in Sources */,
				BCB6C7122843FAC500139A01 /* DevoteApp.swift in Sources */,
				BC3BD206284570270053B7FF /* SoundPlayer.swift in Sources */,
				BC3BD1FE28454CCB0053B7FF /* NewTaskItemView.swift in Sources */,
			);
			runOnlyForDeploymentPostprocessing = 0;
		};
/* End PBXSourcesBuildPhase section */

/* Begin PBXTargetDependency section */
		BC3BD218284575D50053B7FF /* PBXTargetDependency */ = {
			isa = PBXTargetDependency;
			target = BC3BD20A284575D30053B7FF /* DevoteWidgetExtension */;
			targetProxy = BC3BD217284575D50053B7FF /* PBXContainerItemProxy */;
		};
/* End PBXTargetDependency section */

/* Begin XCBuildConfiguration section */
		BC3BD21B284575D50053B7FF /* Debug */ = {
			isa = XCBuildConfiguration;
			buildSettings = {
				ASSETCATALOG_COMPILER_GLOBAL_ACCENT_COLOR_NAME = AccentColor;
				ASSETCATALOG_COMPILER_WIDGET_BACKGROUND_COLOR_NAME = WidgetBackground;
				CODE_SIGN_STYLE = Automatic;
				CURRENT_PROJECT_VERSION = 1;
				DEVELOPMENT_TEAM = M7NG379CJ7;
				GENERATE_INFOPLIST_FILE = YES;
				INFOPLIST_FILE = DevoteWidget/Info.plist;
				INFOPLIST_KEY_CFBundleDisplayName = DevoteWidget;
				INFOPLIST_KEY_NSHumanReadableCopyright = "";
				LD_RUNPATH_SEARCH_PATHS = (
					"$(inherited)",
					"@executable_path/Frameworks",
					"@executable_path/../../Frameworks",
				);
				MARKETING_VERSION = 1.0;
				PRODUCT_BUNDLE_IDENTIFIER = com.lilianos.ios.Devote.DevoteWidget;
				PRODUCT_NAME = "$(TARGET_NAME)";
				SKIP_INSTALL = YES;
				SWIFT_EMIT_LOC_STRINGS = YES;
				SWIFT_VERSION = 5.0;
				TARGETED_DEVICE_FAMILY = "1,2";
			};
			name = Debug;
		};
		BC3BD21C284575D50053B7FF /* Release */ = {
			isa = XCBuildConfiguration;
			buildSettings = {
				ASSETCATALOG_COMPILER_GLOBAL_ACCENT_COLOR_NAME = AccentColor;
				ASSETCATALOG_COMPILER_WIDGET_BACKGROUND_COLOR_NAME = WidgetBackground;
				CODE_SIGN_STYLE = Automatic;
				CURRENT_PROJECT_VERSION = 1;
				DEVELOPMENT_TEAM = M7NG379CJ7;
				GENERATE_INFOPLIST_FILE = YES;
				INFOPLIST_FILE = DevoteWidget/Info.plist;
				INFOPLIST_KEY_CFBundleDisplayName = DevoteWidget;
				INFOPLIST_KEY_NSHumanReadableCopyright = "";
				LD_RUNPATH_SEARCH_PATHS = (
					"$(inherited)",
					"@executable_path/Frameworks",
					"@executable_path/../../Frameworks",
				);
				MARKETING_VERSION = 1.0;
				PRODUCT_BUNDLE_IDENTIFIER = com.lilianos.ios.Devote.DevoteWidget;
				PRODUCT_NAME = "$(TARGET_NAME)";
				SKIP_INSTALL = YES;
				SWIFT_EMIT_LOC_STRINGS = YES;
				SWIFT_VERSION = 5.0;
				TARGETED_DEVICE_FAMILY = "1,2";
			};
			name = Release;
		};
		BCB6C71F2843FAC600139A01 /* Debug */ = {
			isa = XCBuildConfiguration;
			buildSettings = {
				ALWAYS_SEARCH_USER_PATHS = NO;
				CLANG_ANALYZER_NONNULL = YES;
				CLANG_ANALYZER_NUMBER_OBJECT_CONVERSION = YES_AGGRESSIVE;
				CLANG_CXX_LANGUAGE_STANDARD = "gnu++17";
				CLANG_ENABLE_MODULES = YES;
				CLANG_ENABLE_OBJC_ARC = YES;
				CLANG_ENABLE_OBJC_WEAK = YES;
				CLANG_WARN_BLOCK_CAPTURE_AUTORELEASING = YES;
				CLANG_WARN_BOOL_CONVERSION = YES;
				CLANG_WARN_COMMA = YES;
				CLANG_WARN_CONSTANT_CONVERSION = YES;
				CLANG_WARN_DEPRECATED_OBJC_IMPLEMENTATIONS = YES;
				CLANG_WARN_DIRECT_OBJC_ISA_USAGE = YES_ERROR;
				CLANG_WARN_DOCUMENTATION_COMMENTS = YES;
				CLANG_WARN_EMPTY_BODY = YES;
				CLANG_WARN_ENUM_CONVERSION = YES;
				CLANG_WARN_INFINITE_RECURSION = YES;
				CLANG_WARN_INT_CONVERSION = YES;
				CLANG_WARN_NON_LITERAL_NULL_CONVERSION = YES;
				CLANG_WARN_OBJC_IMPLICIT_RETAIN_SELF = YES;
				CLANG_WARN_OBJC_LITERAL_CONVERSION = YES;
				CLANG_WARN_OBJC_ROOT_CLASS = YES_ERROR;
				CLANG_WARN_QUOTED_INCLUDE_IN_FRAMEWORK_HEADER = YES;
				CLANG_WARN_RANGE_LOOP_ANALYSIS = YES;
				CLANG_WARN_STRICT_PROTOTYPES = YES;
				CLANG_WARN_SUSPICIOUS_MOVE = YES;
				CLANG_WARN_UNGUARDED_AVAILABILITY = YES_AGGRESSIVE;
				CLANG_WARN_UNREACHABLE_CODE = YES;
				CLANG_WARN__DUPLICATE_METHOD_MATCH = YES;
				COPY_PHASE_STRIP = NO;
				DEBUG_INFORMATION_FORMAT = dwarf;
				ENABLE_STRICT_OBJC_MSGSEND = YES;
				ENABLE_TESTABILITY = YES;
				GCC_C_LANGUAGE_STANDARD = gnu11;
				GCC_DYNAMIC_NO_PIC = NO;
				GCC_NO_COMMON_BLOCKS = YES;
				GCC_OPTIMIZATION_LEVEL = 0;
				GCC_PREPROCESSOR_DEFINITIONS = (
					"DEBUG=1",
					"$(inherited)",
				);
				GCC_WARN_64_TO_32_BIT_CONVERSION = YES;
				GCC_WARN_ABOUT_RETURN_TYPE = YES_ERROR;
				GCC_WARN_UNDECLARED_SELECTOR = YES;
				GCC_WARN_UNINITIALIZED_AUTOS = YES_AGGRESSIVE;
				GCC_WARN_UNUSED_FUNCTION = YES;
				GCC_WARN_UNUSED_VARIABLE = YES;
				IPHONEOS_DEPLOYMENT_TARGET = 15.5;
				MTL_ENABLE_DEBUG_INFO = INCLUDE_SOURCE;
				MTL_FAST_MATH = YES;
				ONLY_ACTIVE_ARCH = YES;
				SDKROOT = iphoneos;
				SWIFT_ACTIVE_COMPILATION_CONDITIONS = DEBUG;
				SWIFT_OPTIMIZATION_LEVEL = "-Onone";
			};
			name = Debug;
		};
		BCB6C7202843FAC600139A01 /* Release */ = {
			isa = XCBuildConfiguration;
			buildSettings = {
				ALWAYS_SEARCH_USER_PATHS = NO;
				CLANG_ANALYZER_NONNULL = YES;
				CLANG_ANALYZER_NUMBER_OBJECT_CONVERSION = YES_AGGRESSIVE;
				CLANG_CXX_LANGUAGE_STANDARD = "gnu++17";
				CLANG_ENABLE_MODULES = YES;
				CLANG_ENABLE_OBJC_ARC = YES;
				CLANG_ENABLE_OBJC_WEAK = YES;
				CLANG_WARN_BLOCK_CAPTURE_AUTORELEASING = YES;
				CLANG_WARN_BOOL_CONVERSION = YES;
				CLANG_WARN_COMMA = YES;
				CLANG_WARN_CONSTANT_CONVERSION = YES;
				CLANG_WARN_DEPRECATED_OBJC_IMPLEMENTATIONS = YES;
				CLANG_WARN_DIRECT_OBJC_ISA_USAGE = YES_ERROR;
				CLANG_WARN_DOCUMENTATION_COMMENTS = YES;
				CLANG_WARN_EMPTY_BODY = YES;
				CLANG_WARN_ENUM_CONVERSION = YES;
				CLANG_WARN_INFINITE_RECURSION = YES;
				CLANG_WARN_INT_CONVERSION = YES;
				CLANG_WARN_NON_LITERAL_NULL_CONVERSION = YES;
				CLANG_WARN_OBJC_IMPLICIT_RETAIN_SELF = YES;
				CLANG_WARN_OBJC_LITERAL_CONVERSION = YES;
				CLANG_WARN_OBJC_ROOT_CLASS = YES_ERROR;
				CLANG_WARN_QUOTED_INCLUDE_IN_FRAMEWORK_HEADER = YES;
				CLANG_WARN_RANGE_LOOP_ANALYSIS = YES;
				CLANG_WARN_STRICT_PROTOTYPES = YES;
				CLANG_WARN_SUSPICIOUS_MOVE = YES;
				CLANG_WARN_UNGUARDED_AVAILABILITY = YES_AGGRESSIVE;
				CLANG_WARN_UNREACHABLE_CODE = YES;
				CLANG_WARN__DUPLICATE_METHOD_MATCH = YES;
				COPY_PHASE_STRIP = NO;
				DEBUG_INFORMATION_FORMAT = "dwarf-with-dsym";
				ENABLE_NS_ASSERTIONS = NO;
				ENABLE_STRICT_OBJC_MSGSEND = YES;
				GCC_C_LANGUAGE_STANDARD = gnu11;
				GCC_NO_COMMON_BLOCKS = YES;
				GCC_WARN_64_TO_32_BIT_CONVERSION = YES;
				GCC_WARN_ABOUT_RETURN_TYPE = YES_ERROR;
				GCC_WARN_UNDECLARED_SELECTOR = YES;
				GCC_WARN_UNINITIALIZED_AUTOS = YES_AGGRESSIVE;
				GCC_WARN_UNUSED_FUNCTION = YES;
				GCC_WARN_UNUSED_VARIABLE = YES;
				IPHONEOS_DEPLOYMENT_TARGET = 15.5;
				MTL_ENABLE_DEBUG_INFO = NO;
				MTL_FAST_MATH = YES;
				SDKROOT = iphoneos;
				SWIFT_COMPILATION_MODE = wholemodule;
				SWIFT_OPTIMIZATION_LEVEL = "-O";
				VALIDATE_PRODUCT = YES;
			};
			name = Release;
		};
		BCB6C7222843FAC600139A01 /* Debug */ = {
			isa = XCBuildConfiguration;
			buildSettings = {
				ALWAYS_EMBED_SWIFT_STANDARD_LIBRARIES = YES;
				ASSETCATALOG_COMPILER_APPICON_NAME = AppIcon;
				ASSETCATALOG_COMPILER_GLOBAL_ACCENT_COLOR_NAME = AccentColor;
				CODE_SIGN_STYLE = Automatic;
				CURRENT_PROJECT_VERSION = 1;
				DEVELOPMENT_ASSET_PATHS = "\"Devote/Preview Content\"";
				DEVELOPMENT_TEAM = M7NG379CJ7;
				ENABLE_PREVIEWS = YES;
				GENERATE_INFOPLIST_FILE = YES;
				INFOPLIST_FILE = Devote/Info.plist;
				INFOPLIST_KEY_UIApplicationSceneManifest_Generation = YES;
				INFOPLIST_KEY_UIApplicationSupportsIndirectInputEvents = YES;
				INFOPLIST_KEY_UISupportedInterfaceOrientations_iPad = "UIInterfaceOrientationPortrait UIInterfaceOrientationPortraitUpsideDown UIInterfaceOrientationLandscapeLeft UIInterfaceOrientationLandscapeRight";
				INFOPLIST_KEY_UISupportedInterfaceOrientations_iPhone = "UIInterfaceOrientationPortrait UIInterfaceOrientationLandscapeLeft UIInterfaceOrientationLandscapeRight";
				IPHONEOS_DEPLOYMENT_TARGET = 15.0;
				LD_RUNPATH_SEARCH_PATHS = (
					"$(inherited)",
					"@executable_path/Frameworks",
				);
				MARKETING_VERSION = 1.0;
				PRODUCT_BUNDLE_IDENTIFIER = com.lilianos.ios.Devote;
				PRODUCT_NAME = "$(TARGET_NAME)";
				SWIFT_EMIT_LOC_STRINGS = YES;
				SWIFT_VERSION = 5.0;
				TARGETED_DEVICE_FAMILY = "1,2";
			};
			name = Debug;
		};
		BCB6C7232843FAC600139A01 /* Release */ = {
			isa = XCBuildConfiguration;
			buildSettings = {
				ALWAYS_EMBED_SWIFT_STANDARD_LIBRARIES = YES;
				ASSETCATALOG_COMPILER_APPICON_NAME = AppIcon;
				ASSETCATALOG_COMPILER_GLOBAL_ACCENT_COLOR_NAME = AccentColor;
				CODE_SIGN_STYLE = Automatic;
				CURRENT_PROJECT_VERSION = 1;
				DEVELOPMENT_ASSET_PATHS = "\"Devote/Preview Content\"";
				DEVELOPMENT_TEAM = M7NG379CJ7;
				ENABLE_PREVIEWS = YES;
				GENERATE_INFOPLIST_FILE = YES;
				INFOPLIST_FILE = Devote/Info.plist;
				INFOPLIST_KEY_UIApplicationSceneManifest_Generation = YES;
				INFOPLIST_KEY_UIApplicationSupportsIndirectInputEvents = YES;
				INFOPLIST_KEY_UISupportedInterfaceOrientations_iPad = "UIInterfaceOrientationPortrait UIInterfaceOrientationPortraitUpsideDown UIInterfaceOrientationLandscapeLeft UIInterfaceOrientationLandscapeRight";
				INFOPLIST_KEY_UISupportedInterfaceOrientations_iPhone = "UIInterfaceOrientationPortrait UIInterfaceOrientationLandscapeLeft UIInterfaceOrientationLandscapeRight";
				IPHONEOS_DEPLOYMENT_TARGET = 15.0;
				LD_RUNPATH_SEARCH_PATHS = (
					"$(inherited)",
					"@executable_path/Frameworks",
				);
				MARKETING_VERSION = 1.0;
				PRODUCT_BUNDLE_IDENTIFIER = com.lilianos.ios.Devote;
				PRODUCT_NAME = "$(TARGET_NAME)";
				SWIFT_EMIT_LOC_STRINGS = YES;
				SWIFT_VERSION = 5.0;
				TARGETED_DEVICE_FAMILY = "1,2";
			};
			name = Release;
		};
/* End XCBuildConfiguration section */

/* Begin XCConfigurationList section */
		BC3BD21A284575D50053B7FF /* Build configuration list for PBXNativeTarget "DevoteWidgetExtension" */ = {
			isa = XCConfigurationList;
			buildConfigurations = (
				BC3BD21B284575D50053B7FF /* Debug */,
				BC3BD21C284575D50053B7FF /* Release */,
			);
			defaultConfigurationIsVisible = 0;
			defaultConfigurationName = Release;
		};
		BCB6C7092843FAC500139A01 /* Build configuration list for PBXProject "Devote" */ = {
			isa = XCConfigurationList;
			buildConfigurations = (
				BCB6C71F2843FAC600139A01 /* Debug */,
				BCB6C7202843FAC600139A01 /* Release */,
			);
			defaultConfigurationIsVisible = 0;
			defaultConfigurationName = Release;
		};
		BCB6C7212843FAC600139A01 /* Build configuration list for PBXNativeTarget "Devote" */ = {
			isa = XCConfigurationList;
			buildConfigurations = (
				BCB6C7222843FAC600139A01 /* Debug */,
				BCB6C7232843FAC600139A01 /* Release */,
			);
			defaultConfigurationIsVisible = 0;
			defaultConfigurationName = Release;
		};
/* End XCConfigurationList section */

/* Begin XCVersionGroup section */
		BCB6C71C2843FAC600139A01 /* Devote.xcdatamodeld */ = {
			isa = XCVersionGroup;
			children = (
				BCB6C71D2843FAC600139A01 /* Devote.xcdatamodel */,
			);
			currentVersion = BCB6C71D2843FAC600139A01 /* Devote.xcdatamodel */;
			path = Devote.xcdatamodeld;
			sourceTree = "<group>";
			versionGroupType = wrapper.xcdatamodel;
		};
/* End XCVersionGroup section */
	};
	rootObject = BCB6C7062843FAC500139A01 /* Project object */;
}
